Microsoft Visual Studio Solution File, Format Version 12.00
# Visual Studio Version 17
VisualStudioVersion = 17.5.2.0
MinimumVisualStudioVersion = 10.0.40219.1
Project("{FAE04EC0-301F-11D3-BF4B-00C04F79EFBC}") = "DB2ToSqliteTool", "DB2ToSqliteTool.csproj", "{07F8BBA4-A340-F2C6-7236-E89EF183519B}"
EndProject
Global
	GlobalSection(SolutionConfigurationPlatforms) = preSolution
		Debug|Any CPU = Debug|Any CPU
		Release|Any CPU = Release|Any CPU
	EndGlobalSection
	GlobalSection(ProjectConfigurationPlatforms) = postSolution
		{07F8BBA4-A340-F2C6-7236-E89EF183519B}.Debug|Any CPU.ActiveCfg = Debug|Any CPU
		{07F8BBA4-A340-F2C6-7236-E89EF183519B}.Debug|Any CPU.Build.0 = Debug|Any CPU
		{07F8BBA4-A340-F2C6-7236-E89EF183519B}.Release|Any CPU.ActiveCfg = Release|Any CPU
		{07F8BBA4-A340-F2C6-7236-E89EF183519B}.Release|Any CPU.Build.0 = Release|Any CPU
	EndGlobalSection
	GlobalSection(SolutionProperties) = preSolution
		HideSolutionNode = FALSE
	EndGlobalSection
	GlobalSection(ExtensibilityGlobals) = postSolution
		SolutionGuid = {88FD0945-1108-409F-A1EE-A5E0CA956B6F}
	EndGlobalSection
EndGlobal
